
Microsoft Visual Studio Solution File, Format Version 12.00
# Visual Studio Version 16
VisualStudioVersion = 16.0.30320.27
MinimumVisualStudioVersion = 10.0.40219.1
Project("{FAE04EC0-301F-11D3-BF4B-00C04F79EFBC}") = "ConsoleTests", "ConsoleTests\ConsoleTests.csproj", "{53E51562-28A5-4664-AAA0-17FBD63F091F}"
EndProject
Global
	GlobalSection(SolutionConfigurationPlatforms) = preSolution
		Debug|Any CPU = Debug|Any CPU
		Release|Any CPU = Release|Any CPU
	EndGlobalSection
	GlobalSection(ProjectConfigurationPlatforms) = postSolution
		{53E51562-28A5-4664-AAA0-17FBD63F091F}.Debug|Any CPU.ActiveCfg = Debug|Any CPU
		{53E51562-28A5-4664-AAA0-17FBD63F091F}.Debug|Any CPU.Build.0 = Debug|Any CPU
		{53E51562-28A5-4664-AAA0-17FBD63F091F}.Release|Any CPU.ActiveCfg = Release|Any CPU
		{53E51562-28A5-4664-AAA0-17FBD63F091F}.Release|Any CPU.Build.0 = Release|Any CPU
	EndGlobalSection
	GlobalSection(SolutionProperties) = preSolution
		HideSolutionNode = FALSE
	EndGlobalSection
	GlobalSection(ExtensibilityGlobals) = postSolution
		SolutionGuid = {37B4D117-2945-4473-8363-800210564E98}
	EndGlobalSection
EndGlobal
