
Microsoft Visual Studio Solution File, Format Version 12.00
# Visual Studio Version 16
VisualStudioVersion = 16.0.30330.147
MinimumVisualStudioVersion = 10.0.40219.1
Project("{FAE04EC0-301F-11D3-BF4B-00C04F79EFBC}") = "DictionaryExample", "DictionaryExample\DictionaryExample.csproj", "{0349B462-0B4E-46F3-8FFA-4FA1C97DB7EA}"
EndProject
Global
	GlobalSection(SolutionConfigurationPlatforms) = preSolution
		Debug|Any CPU = Debug|Any CPU
		Release|Any CPU = Release|Any CPU
	EndGlobalSection
	GlobalSection(ProjectConfigurationPlatforms) = postSolution
		{0349B462-0B4E-46F3-8FFA-4FA1C97DB7EA}.Debug|Any CPU.ActiveCfg = Debug|Any CPU
		{0349B462-0B4E-46F3-8FFA-4FA1C97DB7EA}.Debug|Any CPU.Build.0 = Debug|Any CPU
		{0349B462-0B4E-46F3-8FFA-4FA1C97DB7EA}.Release|Any CPU.ActiveCfg = Release|Any CPU
		{0349B462-0B4E-46F3-8FFA-4FA1C97DB7EA}.Release|Any CPU.Build.0 = Release|Any CPU
	EndGlobalSection
	GlobalSection(SolutionProperties) = preSolution
		HideSolutionNode = FALSE
	EndGlobalSection
	GlobalSection(ExtensibilityGlobals) = postSolution
		SolutionGuid = {04EEDD87-30E5-477C-B78E-D1C2EC5ED7A0}
	EndGlobalSection
EndGlobal
