
Microsoft Visual Studio Solution File, Format Version 12.00
# Visual Studio Version 16
VisualStudioVersion = 16.0.30330.147
MinimumVisualStudioVersion = 10.0.40219.1
Project("{FAE04EC0-301F-11D3-BF4B-00C04F79EFBC}") = "WPFevents", "WPFevents\WPFevents.csproj", "{86F17E8B-3CA8-4F84-A8DE-87B67CD273CC}"
EndProject
Global
	GlobalSection(SolutionConfigurationPlatforms) = preSolution
		Debug|Any CPU = Debug|Any CPU
		Release|Any CPU = Release|Any CPU
	EndGlobalSection
	GlobalSection(ProjectConfigurationPlatforms) = postSolution
		{86F17E8B-3CA8-4F84-A8DE-87B67CD273CC}.Debug|Any CPU.ActiveCfg = Debug|Any CPU
		{86F17E8B-3CA8-4F84-A8DE-87B67CD273CC}.Debug|Any CPU.Build.0 = Debug|Any CPU
		{86F17E8B-3CA8-4F84-A8DE-87B67CD273CC}.Release|Any CPU.ActiveCfg = Release|Any CPU
		{86F17E8B-3CA8-4F84-A8DE-87B67CD273CC}.Release|Any CPU.Build.0 = Release|Any CPU
	EndGlobalSection
	GlobalSection(SolutionProperties) = preSolution
		HideSolutionNode = FALSE
	EndGlobalSection
	GlobalSection(ExtensibilityGlobals) = postSolution
		SolutionGuid = {714C86B7-1C23-4968-9170-BEAC32F64EE9}
	EndGlobalSection
EndGlobal
