
Microsoft Visual Studio Solution File, Format Version 12.00
# Visual Studio Version 16
VisualStudioVersion = 16.0.30320.27
MinimumVisualStudioVersion = 10.0.40219.1
Project("{9A19103F-16F7-4668-BE54-9A1E7A4F7556}") = "classesProject", "classesProject.csproj", "{63807DA4-C6BB-4F98-B7FE-63C33C2AC1E2}"
EndProject
Global
	GlobalSection(SolutionConfigurationPlatforms) = preSolution
		Debug|Any CPU = Debug|Any CPU
		Release|Any CPU = Release|Any CPU
	EndGlobalSection
	GlobalSection(ProjectConfigurationPlatforms) = postSolution
		{63807DA4-C6BB-4F98-B7FE-63C33C2AC1E2}.Debug|Any CPU.ActiveCfg = Debug|Any CPU
		{63807DA4-C6BB-4F98-B7FE-63C33C2AC1E2}.Debug|Any CPU.Build.0 = Debug|Any CPU
		{63807DA4-C6BB-4F98-B7FE-63C33C2AC1E2}.Release|Any CPU.ActiveCfg = Release|Any CPU
		{63807DA4-C6BB-4F98-B7FE-63C33C2AC1E2}.Release|Any CPU.Build.0 = Release|Any CPU
	EndGlobalSection
	GlobalSection(SolutionProperties) = preSolution
		HideSolutionNode = FALSE
	EndGlobalSection
	GlobalSection(ExtensibilityGlobals) = postSolution
		SolutionGuid = {9910E61C-BC2D-46E2-BCD6-3297CAB826CE}
	EndGlobalSection
EndGlobal
