
Microsoft Visual Studio Solution File, Format Version 12.00
# Visual Studio Version 16
VisualStudioVersion = 16.0.30320.27
MinimumVisualStudioVersion = 10.0.40219.1
Project("{9A19103F-16F7-4668-BE54-9A1E7A4F7556}") = "WhileIteration", "WhileIteration.csproj", "{93629D95-5205-4E4C-84A0-4FE967463538}"
EndProject
Global
	GlobalSection(SolutionConfigurationPlatforms) = preSolution
		Debug|Any CPU = Debug|Any CPU
		Release|Any CPU = Release|Any CPU
	EndGlobalSection
	GlobalSection(ProjectConfigurationPlatforms) = postSolution
		{93629D95-5205-4E4C-84A0-4FE967463538}.Debug|Any CPU.ActiveCfg = Debug|Any CPU
		{93629D95-5205-4E4C-84A0-4FE967463538}.Debug|Any CPU.Build.0 = Debug|Any CPU
		{93629D95-5205-4E4C-84A0-4FE967463538}.Release|Any CPU.ActiveCfg = Release|Any CPU
		{93629D95-5205-4E4C-84A0-4FE967463538}.Release|Any CPU.Build.0 = Release|Any CPU
	EndGlobalSection
	GlobalSection(SolutionProperties) = preSolution
		HideSolutionNode = FALSE
	EndGlobalSection
	GlobalSection(ExtensibilityGlobals) = postSolution
		SolutionGuid = {A05A7CAD-00AC-492B-AEB3-EDFB3992581E}
	EndGlobalSection
EndGlobal
