
Microsoft Visual Studio Solution File, Format Version 12.00
# Visual Studio Version 16
VisualStudioVersion = 16.0.30330.147
MinimumVisualStudioVersion = 10.0.40219.1
Project("{FAE04EC0-301F-11D3-BF4B-00C04F79EFBC}") = "WorkingWithCollections", "WorkingWithCollections\WorkingWithCollections.csproj", "{8077D1B0-51C6-4EAB-8C5F-EBC640AA625E}"
EndProject
Global
	GlobalSection(SolutionConfigurationPlatforms) = preSolution
		Debug|Any CPU = Debug|Any CPU
		Release|Any CPU = Release|Any CPU
	EndGlobalSection
	GlobalSection(ProjectConfigurationPlatforms) = postSolution
		{8077D1B0-51C6-4EAB-8C5F-EBC640AA625E}.Debug|Any CPU.ActiveCfg = Debug|Any CPU
		{8077D1B0-51C6-4EAB-8C5F-EBC640AA625E}.Debug|Any CPU.Build.0 = Debug|Any CPU
		{8077D1B0-51C6-4EAB-8C5F-EBC640AA625E}.Release|Any CPU.ActiveCfg = Release|Any CPU
		{8077D1B0-51C6-4EAB-8C5F-EBC640AA625E}.Release|Any CPU.Build.0 = Release|Any CPU
	EndGlobalSection
	GlobalSection(SolutionProperties) = preSolution
		HideSolutionNode = FALSE
	EndGlobalSection
	GlobalSection(ExtensibilityGlobals) = postSolution
		SolutionGuid = {3AE65B57-D70D-4DCC-96F6-9BD677E53B67}
	EndGlobalSection
EndGlobal
