
Microsoft Visual Studio Solution File, Format Version 12.00
# Visual Studio Version 16
VisualStudioVersion = 16.0.30330.147
MinimumVisualStudioVersion = 10.0.40219.1
Project("{FAE04EC0-301F-11D3-BF4B-00C04F79EFBC}") = "ACM.BL", "ACM.BL\ACM.BL.csproj", "{DAD2FCAE-2DB4-49B3-8A10-76D9A478E499}"
EndProject
Project("{2150E333-8FDC-42A3-9474-1A3956D46DE8}") = "Tests", "Tests", "{C783E95D-AA80-4E5E-B63B-B5D831141E69}"
EndProject
Project("{FAE04EC0-301F-11D3-BF4B-00C04F79EFBC}") = "ACM.BL.Test", "ACM.BL.Test\ACM.BL.Test.csproj", "{9296BD3D-9769-4CDB-9528-10C43C667152}"
EndProject
Project("{FAE04EC0-301F-11D3-BF4B-00C04F79EFBC}") = "ACME.Commons", "ACME.Commons\ACME.Commons.csproj", "{35A82852-71C7-43C5-8947-5A37DE9FFC08}"
EndProject
Global
	GlobalSection(SolutionConfigurationPlatforms) = preSolution
		Debug|Any CPU = Debug|Any CPU
		Release|Any CPU = Release|Any CPU
	EndGlobalSection
	GlobalSection(ProjectConfigurationPlatforms) = postSolution
		{DAD2FCAE-2DB4-49B3-8A10-76D9A478E499}.Debug|Any CPU.ActiveCfg = Debug|Any CPU
		{DAD2FCAE-2DB4-49B3-8A10-76D9A478E499}.Debug|Any CPU.Build.0 = Debug|Any CPU
		{DAD2FCAE-2DB4-49B3-8A10-76D9A478E499}.Release|Any CPU.ActiveCfg = Release|Any CPU
		{DAD2FCAE-2DB4-49B3-8A10-76D9A478E499}.Release|Any CPU.Build.0 = Release|Any CPU
		{9296BD3D-9769-4CDB-9528-10C43C667152}.Debug|Any CPU.ActiveCfg = Debug|Any CPU
		{9296BD3D-9769-4CDB-9528-10C43C667152}.Debug|Any CPU.Build.0 = Debug|Any CPU
		{9296BD3D-9769-4CDB-9528-10C43C667152}.Release|Any CPU.ActiveCfg = Release|Any CPU
		{9296BD3D-9769-4CDB-9528-10C43C667152}.Release|Any CPU.Build.0 = Release|Any CPU
		{35A82852-71C7-43C5-8947-5A37DE9FFC08}.Debug|Any CPU.ActiveCfg = Debug|Any CPU
		{35A82852-71C7-43C5-8947-5A37DE9FFC08}.Debug|Any CPU.Build.0 = Debug|Any CPU
		{35A82852-71C7-43C5-8947-5A37DE9FFC08}.Release|Any CPU.ActiveCfg = Release|Any CPU
		{35A82852-71C7-43C5-8947-5A37DE9FFC08}.Release|Any CPU.Build.0 = Release|Any CPU
	EndGlobalSection
	GlobalSection(SolutionProperties) = preSolution
		HideSolutionNode = FALSE
	EndGlobalSection
	GlobalSection(NestedProjects) = preSolution
		{9296BD3D-9769-4CDB-9528-10C43C667152} = {C783E95D-AA80-4E5E-B63B-B5D831141E69}
	EndGlobalSection
	GlobalSection(ExtensibilityGlobals) = postSolution
		SolutionGuid = {2C4E2E84-A87D-4448-BEBE-620B2A7FEEE7}
	EndGlobalSection
EndGlobal
